
Microsoft Visual Studio Solution File, Format Version 12.00
# Visual Studio Version 17
VisualStudioVersion = 17.14.36811.4 d17.14
MinimumVisualStudioVersion = 10.0.40219.1
Project("{8BC9CEB8-8B4A-11D0-8D11-00A0C91BC942}") = "shilei_线程池项目", "shilei_线程池项目\shilei_线程池项目.vcxproj", "{9EA1FEC6-E99A-4810-9CBE-4643E42C6F66}"
EndProject
Global
	GlobalSection(SolutionConfigurationPlatforms) = preSolution
		Debug|x64 = Debug|x64
		Debug|x86 = Debug|x86
		Release|x64 = Release|x64
		Release|x86 = Release|x86
	EndGlobalSection
	GlobalSection(ProjectConfigurationPlatforms) = postSolution
		{9EA1FEC6-E99A-4810-9CBE-4643E42C6F66}.Debug|x64.ActiveCfg = Debug|x64
		{9EA1FEC6-E99A-4810-9CBE-4643E42C6F66}.Debug|x64.Build.0 = Debug|x64
		{9EA1FEC6-E99A-4810-9CBE-4643E42C6F66}.Debug|x86.ActiveCfg = Debug|Win32
		{9EA1FEC6-E99A-4810-9CBE-4643E42C6F66}.Debug|x86.Build.0 = Debug|Win32
		{9EA1FEC6-E99A-4810-9CBE-4643E42C6F66}.Release|x64.ActiveCfg = Release|x64
		{9EA1FEC6-E99A-4810-9CBE-4643E42C6F66}.Release|x64.Build.0 = Release|x64
		{9EA1FEC6-E99A-4810-9CBE-4643E42C6F66}.Release|x86.ActiveCfg = Release|Win32
		{9EA1FEC6-E99A-4810-9CBE-4643E42C6F66}.Release|x86.Build.0 = Release|Win32
	EndGlobalSection
	GlobalSection(SolutionProperties) = preSolution
		HideSolutionNode = FALSE
	EndGlobalSection
	GlobalSection(ExtensibilityGlobals) = postSolution
		SolutionGuid = {809EC963-E2FD-4927-9A7E-5F3AFA4B27D6}
	EndGlobalSection
EndGlobal
